// !$*UTF8*$!
{
	archiveVersion = 1;
	classes = {
	};
	objectVersion = 55;
	objects = {

/* Begin PBXBuildFile section */
		FD6DE5E1287579EB00F1A977 /* AppDelegate.swift in Sources */ = {isa = PBXBuildFile; fileRef = FD6DE5E0287579EB00F1A977 /* AppDelegate.swift */; };
		FD6DE5E3287579EB00F1A977 /* SceneDelegate.swift in Sources */ = {isa = PBXBuildFile; fileRef = FD6DE5E2287579EB00F1A977 /* SceneDelegate.swift */; };
		FD6DE5E5287579EB00F1A977 /* ViewController.swift in Sources */ = {isa = PBXBuildFile; fileRef = FD6DE5E4287579EB00F1A977 /* ViewController.swift */; };
		FD6DE5EA287579ED00F1A977 /* Assets.xcassets in Resources */ = {isa = PBXBuildFile; fileRef = FD6DE5E9287579ED00F1A977 /* Assets.xcassets */; };
		FD6DE5F528757A6700F1A977 /* TabBarController.swift in Sources */ = {isa = PBXBuildFile; fileRef = FD6DE5F428757A6700F1A977 /* TabBarController.swift */; };
		FD6DE5F728757D2400F1A977 /* ProfileViewController.swift in Sources */ = {isa = PBXBuildFile; fileRef = FD6DE5F628757D2400F1A977 /* ProfileViewController.swift */; };
		FD6DE5F928757D3000F1A977 /* PhotoViewController.swift in Sources */ = {isa = PBXBuildFile; fileRef = FD6DE5F828757D3000F1A977 /* PhotoViewController.swift */; };
		FD6DE5FB28757D3B00F1A977 /* SettingsViewController.swift in Sources */ = {isa = PBXBuildFile; fileRef = FD6DE5FA28757D3B00F1A977 /* SettingsViewController.swift */; };
		FD6DE5FD2875825800F1A977 /* UIColorExtention.swift in Sources */ = {isa = PBXBuildFile; fileRef = FD6DE5FC2875825800F1A977 /* UIColorExtention.swift */; };
/* End PBXBuildFile section */

/* Begin PBXFileReference section */
		FD6DE5DD287579EB00F1A977 /* custom tabBar.app */ = {isa = PBXFileReference; explicitFileType = wrapper.application; includeInIndex = 0; path = "custom tabBar.app"; sourceTree = BUILT_PRODUCTS_DIR; };
		FD6DE5E0287579EB00F1A977 /* AppDelegate.swift */ = {isa = PBXFileReference; lastKnownFileType = sourcecode.swift; path = AppDelegate.swift; sourceTree = "<group>"; };
		FD6DE5E2287579EB00F1A977 /* SceneDelegate.swift */ = {isa = PBXFileReference; lastKnownFileType = sourcecode.swift; path = SceneDelegate.swift; sourceTree = "<group>"; };
		FD6DE5E4287579EB00F1A977 /* ViewController.swift */ = {isa = PBXFileReference; lastKnownFileType = sourcecode.swift; path = ViewController.swift; sourceTree = "<group>"; };
		FD6DE5E9287579ED00F1A977 /* Assets.xcassets */ = {isa = PBXFileReference; lastKnownFileType = folder.assetcatalog; path = Assets.xcassets; sourceTree = "<group>"; };
		FD6DE5EE287579ED00F1A977 /* Info.plist */ = {isa = PBXFileReference; lastKnownFileType = text.plist.xml; path = Info.plist; sourceTree = "<group>"; };
		FD6DE5F428757A6700F1A977 /* TabBarController.swift */ = {isa = PBXFileReference; lastKnownFileType = sourcecode.swift; path = TabBarController.swift; sourceTree = "<group>"; };
		FD6DE5F628757D2400F1A977 /* ProfileViewController.swift */ = {isa = PBXFileReference; lastKnownFileType = sourcecode.swift; path = ProfileViewController.swift; sourceTree = "<group>"; };
		FD6DE5F828757D3000F1A977 /* PhotoViewController.swift */ = {isa = PBXFileReference; lastKnownFileType = sourcecode.swift; path = PhotoViewController.swift; sourceTree = "<group>"; };
		FD6DE5FA28757D3B00F1A977 /* SettingsViewController.swift */ = {isa = PBXFileReference; lastKnownFileType = sourcecode.swift; path = SettingsViewController.swift; sourceTree = "<group>"; };
		FD6DE5FC2875825800F1A977 /* UIColorExtention.swift */ = {isa = PBXFileReference; lastKnownFileType = sourcecode.swift; path = UIColorExtention.swift; sourceTree = "<group>"; };
/* End PBXFileReference section */

/* Begin PBXFrameworksBuildPhase section */
		FD6DE5DA287579EB00F1A977 /* Frameworks */ = {
			isa = PBXFrameworksBuildPhase;
			buildActionMask = 2147483647;
			files = (
			);
			runOnlyForDeploymentPostprocessing = 0;
		};
/* End PBXFrameworksBuildPhase section */

/* Begin PBXGroup section */
		FD6DE5D4287579EB00F1A977 = {
			isa = PBXGroup;
			children = (
				FD6DE5DF287579EB00F1A977 /* custom tabBar */,
				FD6DE5DE287579EB00F1A977 /* Products */,
			);
			sourceTree = "<group>";
		};
		FD6DE5DE287579EB00F1A977 /* Products */ = {
			isa = PBXGroup;
			children = (
				FD6DE5DD287579EB00F1A977 /* custom tabBar.app */,
			);
			name = Products;
			sourceTree = "<group>";
		};
		FD6DE5DF287579EB00F1A977 /* custom tabBar */ = {
			isa = PBXGroup;
			children = (
				FD6DE5E0287579EB00F1A977 /* AppDelegate.swift */,
				FD6DE5E2287579EB00F1A977 /* SceneDelegate.swift */,
				FD6DE5F428757A6700F1A977 /* TabBarController.swift */,
				FD6DE5FC2875825800F1A977 /* UIColorExtention.swift */,
				FD6DE5F628757D2400F1A977 /* ProfileViewController.swift */,
				FD6DE5F828757D3000F1A977 /* PhotoViewController.swift */,
				FD6DE5FA28757D3B00F1A977 /* SettingsViewController.swift */,
				FD6DE5E4287579EB00F1A977 /* ViewController.swift */,
				FD6DE5E9287579ED00F1A977 /* Assets.xcassets */,
				FD6DE5EE287579ED00F1A977 /* Info.plist */,
			);
			path = "custom tabBar";
			sourceTree = "<group>";
		};
/* End PBXGroup section */

/* Begin PBXNativeTarget section */
		FD6DE5DC287579EB00F1A977 /* custom tabBar */ = {
			isa = PBXNativeTarget;
			buildConfigurationList = FD6DE5F1287579ED00F1A977 /* Build configuration list for PBXNativeTarget "custom tabBar" */;
			buildPhases = (
				FD6DE5D9287579EB00F1A977 /* Sources */,
				FD6DE5DA287579EB00F1A977 /* Frameworks */,
				FD6DE5DB287579EB00F1A977 /* Resources */,
			);
			buildRules = (
			);
			dependencies = (
			);
			name = "custom tabBar";
			productName = "custom tabBar";
			productReference = FD6DE5DD287579EB00F1A977 /* custom tabBar.app */;
			productType = "com.apple.product-type.application";
		};
/* End PBXNativeTarget section */

/* Begin PBXProject section */
		FD6DE5D5287579EB00F1A977 /* Project object */ = {
			isa = PBXProject;
			attributes = {
				BuildIndependentTargetsInParallel = 1;
				LastSwiftUpdateCheck = 1340;
				LastUpgradeCheck = 1340;
				TargetAttributes = {
					FD6DE5DC287579EB00F1A977 = {
						CreatedOnToolsVersion = 13.4.1;
					};
				};
			};
			buildConfigurationList = FD6DE5D8287579EB00F1A977 /* Build configuration list for PBXProject "custom tabBar" */;
			compatibilityVersion = "Xcode 13.0";
			developmentRegion = en;
			hasScannedForEncodings = 0;
			knownRegions = (
				en,
				Base,
			);
			mainGroup = FD6DE5D4287579EB00F1A977;
			productRefGroup = FD6DE5DE287579EB00F1A977 /* Products */;
			projectDirPath = "";
			projectRoot = "";
			targets = (
				FD6DE5DC287579EB00F1A977 /* custom tabBar */,
			);
		};
/* End PBXProject section */

/* Begin PBXResourcesBuildPhase section */
		FD6DE5DB287579EB00F1A977 /* Resources */ = {
			isa = PBXResourcesBuildPhase;
			buildActionMask = 2147483647;
			files = (
				FD6DE5EA287579ED00F1A977 /* Assets.xcassets in Resources */,
			);
			runOnlyForDeploymentPostprocessing = 0;
		};
/* End PBXResourcesBuildPhase section */

/* Begin PBXSourcesBuildPhase section */
		FD6DE5D9287579EB00F1A977 /* Sources */ = {
			isa = PBXSourcesBuildPhase;
			buildActionMask = 2147483647;
			files = (
				FD6DE5E5287579EB00F1A977 /* ViewController.swift in Sources */,
				FD6DE5F528757A6700F1A977 /* TabBarController.swift in Sources */,
				FD6DE5FB28757D3B00F1A977 /* SettingsViewController.swift in Sources */,
				FD6DE5F728757D2400F1A977 /* ProfileViewController.swift in Sources */,
				FD6DE5FD2875825800F1A977 /* UIColorExtention.swift in Sources */,
				FD6DE5E1287579EB00F1A977 /* AppDelegate.swift in Sources */,
				FD6DE5E3287579EB00F1A977 /* SceneDelegate.swift in Sources */,
				FD6DE5F928757D3000F1A977 /* PhotoViewController.swift in Sources */,
			);
			runOnlyForDeploymentPostprocessing = 0;
		};
/* End PBXSourcesBuildPhase section */

/* Begin XCBuildConfiguration section */
		FD6DE5EF287579ED00F1A977 /* Debug */ = {
			isa = XCBuildConfiguration;
			buildSettings = {
				ALWAYS_SEARCH_USER_PATHS = NO;
				CLANG_ANALYZER_NONNULL = YES;
				CLANG_ANALYZER_NUMBER_OBJECT_CONVERSION = YES_AGGRESSIVE;
				CLANG_CXX_LANGUAGE_STANDARD = "gnu++17";
				CLANG_ENABLE_MODULES = YES;
				CLANG_ENABLE_OBJC_ARC = YES;
				CLANG_ENABLE_OBJC_WEAK = YES;
				CLANG_WARN_BLOCK_CAPTURE_AUTORELEASING = YES;
				CLANG_WARN_BOOL_CONVERSION = YES;
				CLANG_WARN_COMMA = YES;
				CLANG_WARN_CONSTANT_CONVERSION = YES;
				CLANG_WARN_DEPRECATED_OBJC_IMPLEMENTATIONS = YES;
				CLANG_WARN_DIRECT_OBJC_ISA_USAGE = YES_ERROR;
				CLANG_WARN_DOCUMENTATION_COMMENTS = YES;
				CLANG_WARN_EMPTY_BODY = YES;
				CLANG_WARN_ENUM_CONVERSION = YES;
				CLANG_WARN_INFINITE_RECURSION = YES;
				CLANG_WARN_INT_CONVERSION = YES;
				CLANG_WARN_NON_LITERAL_NULL_CONVERSION = YES;
				CLANG_WARN_OBJC_IMPLICIT_RETAIN_SELF = YES;
				CLANG_WARN_OBJC_LITERAL_CONVERSION = YES;
				CLANG_WARN_OBJC_ROOT_CLASS = YES_ERROR;
				CLANG_WARN_QUOTED_INCLUDE_IN_FRAMEWORK_HEADER = YES;
				CLANG_WARN_RANGE_LOOP_ANALYSIS = YES;
				CLANG_WARN_STRICT_PROTOTYPES = YES;
				CLANG_WARN_SUSPICIOUS_MOVE = YES;
				CLANG_WARN_UNGUARDED_AVAILABILITY = YES_AGGRESSIVE;
				CLANG_WARN_UNREACHABLE_CODE = YES;
				CLANG_WARN__DUPLICATE_METHOD_MATCH = YES;
				COPY_PHASE_STRIP = NO;
				DEBUG_INFORMATION_FORMAT = dwarf;
				ENABLE_STRICT_OBJC_MSGSEND = YES;
				ENABLE_TESTABILITY = YES;
				GCC_C_LANGUAGE_STANDARD = gnu11;
				GCC_DYNAMIC_NO_PIC = NO;
				GCC_NO_COMMON_BLOCKS = YES;
				GCC_OPTIMIZATION_LEVEL = 0;
				GCC_PREPROCESSOR_DEFINITIONS = (
					"DEBUG=1",
					"$(inherited)",
				);
				GCC_WARN_64_TO_32_BIT_CONVERSION = YES;
				GCC_WARN_ABOUT_RETURN_TYPE = YES_ERROR;
				GCC_WARN_UNDECLARED_SELECTOR = YES;
				GCC_WARN_UNINITIALIZED_AUTOS = YES_AGGRESSIVE;
				GCC_WARN_UNUSED_FUNCTION = YES;
				GCC_WARN_UNUSED_VARIABLE = YES;
				IPHONEOS_DEPLOYMENT_TARGET = 15.5;
				MTL_ENABLE_DEBUG_INFO = INCLUDE_SOURCE;
				MTL_FAST_MATH = YES;
				ONLY_ACTIVE_ARCH = YES;
				SDKROOT = iphoneos;
				SWIFT_ACTIVE_COMPILATION_CONDITIONS = DEBUG;
				SWIFT_OPTIMIZATION_LEVEL = "-Onone";
			};
			name = Debug;
		};
		FD6DE5F0287579ED00F1A977 /* Release */ = {
			isa = XCBuildConfiguration;
			buildSettings = {
				ALWAYS_SEARCH_USER_PATHS = NO;
				CLANG_ANALYZER_NONNULL = YES;
				CLANG_ANALYZER_NUMBER_OBJECT_CONVERSION = YES_AGGRESSIVE;
				CLANG_CXX_LANGUAGE_STANDARD = "gnu++17";
				CLANG_ENABLE_MODULES = YES;
				CLANG_ENABLE_OBJC_ARC = YES;
				CLANG_ENABLE_OBJC_WEAK = YES;
				CLANG_WARN_BLOCK_CAPTURE_AUTORELEASING = YES;
				CLANG_WARN_BOOL_CONVERSION = YES;
				CLANG_WARN_COMMA = YES;
				CLANG_WARN_CONSTANT_CONVERSION = YES;
				CLANG_WARN_DEPRECATED_OBJC_IMPLEMENTATIONS = YES;
				CLANG_WARN_DIRECT_OBJC_ISA_USAGE = YES_ERROR;
				CLANG_WARN_DOCUMENTATION_COMMENTS = YES;
				CLANG_WARN_EMPTY_BODY = YES;
				CLANG_WARN_ENUM_CONVERSION = YES;
				CLANG_WARN_INFINITE_RECURSION = YES;
				CLANG_WARN_INT_CONVERSION = YES;
				CLANG_WARN_NON_LITERAL_NULL_CONVERSION = YES;
				CLANG_WARN_OBJC_IMPLICIT_RETAIN_SELF = YES;
				CLANG_WARN_OBJC_LITERAL_CONVERSION = YES;
				CLANG_WARN_OBJC_ROOT_CLASS = YES_ERROR;
				CLANG_WARN_QUOTED_INCLUDE_IN_FRAMEWORK_HEADER = YES;
				CLANG_WARN_RANGE_LOOP_ANALYSIS = YES;
				CLANG_WARN_STRICT_PROTOTYPES = YES;
				CLANG_WARN_SUSPICIOUS_MOVE = YES;
				CLANG_WARN_UNGUARDED_AVAILABILITY = YES_AGGRESSIVE;
				CLANG_WARN_UNREACHABLE_CODE = YES;
				CLANG_WARN__DUPLICATE_METHOD_MATCH = YES;
				COPY_PHASE_STRIP = NO;
				DEBUG_INFORMATION_FORMAT = "dwarf-with-dsym";
				ENABLE_NS_ASSERTIONS = NO;
				ENABLE_STRICT_OBJC_MSGSEND = YES;
				GCC_C_LANGUAGE_STANDARD = gnu11;
				GCC_NO_COMMON_BLOCKS = YES;
				GCC_WARN_64_TO_32_BIT_CONVERSION = YES;
				GCC_WARN_ABOUT_RETURN_TYPE = YES_ERROR;
				GCC_WARN_UNDECLARED_SELECTOR = YES;
				GCC_WARN_UNINITIALIZED_AUTOS = YES_AGGRESSIVE;
				GCC_WARN_UNUSED_FUNCTION = YES;
				GCC_WARN_UNUSED_VARIABLE = YES;
				IPHONEOS_DEPLOYMENT_TARGET = 15.5;
				MTL_ENABLE_DEBUG_INFO = NO;
				MTL_FAST_MATH = YES;
				SDKROOT = iphoneos;
				SWIFT_COMPILATION_MODE = wholemodule;
				SWIFT_OPTIMIZATION_LEVEL = "-O";
				VALIDATE_PRODUCT = YES;
			};
			name = Release;
		};
		FD6DE5F2287579ED00F1A977 /* Debug */ = {
			isa = XCBuildConfiguration;
			buildSettings = {
				ASSETCATALOG_COMPILER_APPICON_NAME = AppIcon;
				ASSETCATALOG_COMPILER_GLOBAL_ACCENT_COLOR_NAME = AccentColor;
				CODE_SIGN_STYLE = Automatic;
				CURRENT_PROJECT_VERSION = 1;
				DEVELOPMENT_TEAM = VXMM262X54;
				GENERATE_INFOPLIST_FILE = YES;
				INFOPLIST_FILE = "custom tabBar/Info.plist";
				INFOPLIST_KEY_UIApplicationSupportsIndirectInputEvents = YES;
				INFOPLIST_KEY_UILaunchStoryboardName = LaunchScreen;
				INFOPLIST_KEY_UISupportedInterfaceOrientations_iPad = "UIInterfaceOrientationPortrait UIInterfaceOrientationPortraitUpsideDown UIInterfaceOrientationLandscapeLeft UIInterfaceOrientationLandscapeRight";
				INFOPLIST_KEY_UISupportedInterfaceOrientations_iPhone = "UIInterfaceOrientationPortrait UIInterfaceOrientationLandscapeLeft UIInterfaceOrientationLandscapeRight";
				LD_RUNPATH_SEARCH_PATHS = (
					"$(inherited)",
					"@executable_path/Frameworks",
				);
				MARKETING_VERSION = 1.0;
				PRODUCT_BUNDLE_IDENTIFIER = "com.mi1212.custom-tabBar";
				PRODUCT_NAME = "$(TARGET_NAME)";
				SWIFT_EMIT_LOC_STRINGS = YES;
				SWIFT_VERSION = 5.0;
				TARGETED_DEVICE_FAMILY = "1,2";
			};
			name = Debug;
		};
		FD6DE5F3287579ED00F1A977 /* Release */ = {
			isa = XCBuildConfiguration;
			buildSettings = {
				ASSETCATALOG_COMPILER_APPICON_NAME = AppIcon;
				ASSETCATALOG_COMPILER_GLOBAL_ACCENT_COLOR_NAME = AccentColor;
				CODE_SIGN_STYLE = Automatic;
				CURRENT_PROJECT_VERSION = 1;
				DEVELOPMENT_TEAM = VXMM262X54;
				GENERATE_INFOPLIST_FILE = YES;
				INFOPLIST_FILE = "custom tabBar/Info.plist";
				INFOPLIST_KEY_UIApplicationSupportsIndirectInputEvents = YES;
				INFOPLIST_KEY_UILaunchStoryboardName = LaunchScreen;
				INFOPLIST_KEY_UISupportedInterfaceOrientations_iPad = "UIInterfaceOrientationPortrait UIInterfaceOrientationPortraitUpsideDown UIInterfaceOrientationLandscapeLeft UIInterfaceOrientationLandscapeRight";
				INFOPLIST_KEY_UISupportedInterfaceOrientations_iPhone = "UIInterfaceOrientationPortrait UIInterfaceOrientationLandscapeLeft UIInterfaceOrientationLandscapeRight";
				LD_RUNPATH_SEARCH_PATHS = (
					"$(inherited)",
					"@executable_path/Frameworks",
				);
				MARKETING_VERSION = 1.0;
				PRODUCT_BUNDLE_IDENTIFIER = "com.mi1212.custom-tabBar";
				PRODUCT_NAME = "$(TARGET_NAME)";
				SWIFT_EMIT_LOC_STRINGS = YES;
				SWIFT_VERSION = 5.0;
				TARGETED_DEVICE_FAMILY = "1,2";
			};
			name = Release;
		};
/* End XCBuildConfiguration section */

/* Begin XCConfigurationList section */
		FD6DE5D8287579EB00F1A977 /* Build configuration list for PBXProject "custom tabBar" */ = {
			isa = XCConfigurationList;
			buildConfigurations = (
				FD6DE5EF287579ED00F1A977 /* Debug */,
				FD6DE5F0287579ED00F1A977 /* Release */,
			);
			defaultConfigurationIsVisible = 0;
			defaultConfigurationName = Release;
		};
		FD6DE5F1287579ED00F1A977 /* Build configuration list for PBXNativeTarget "custom tabBar" */ = {
			isa = XCConfigurationList;
			buildConfigurations = (
				FD6DE5F2287579ED00F1A977 /* Debug */,
				FD6DE5F3287579ED00F1A977 /* Release */,
			);
			defaultConfigurationIsVisible = 0;
			defaultConfigurationName = Release;
		};
/* End XCConfigurationList section */
	};
	rootObject = FD6DE5D5287579EB00F1A977 /* Project object */;
}
